// !$*UTF8*$!
{
	archiveVersion = 1;
	classes = {
	};
	objectVersion = 77;
	objects = {

/* Begin PBXContainerItemProxy section */
		AAFF928C2CBAD55700C600DE /* PBXContainerItemProxy */ = {
			isa = PBXContainerItemProxy;
			containerPortal = AAFF92732CBAD55400C600DE /* Project object */;
			proxyType = 1;
			remoteGlobalIDString = AAFF927A2CBAD55400C600DE;
			remoteInfo = FoodSaver;
		};
		AAFF92962CBAD55700C600DE /* PBXContainerItemProxy */ = {
			isa = PBXContainerItemProxy;
			containerPortal = AAFF92732CBAD55400C600DE /* Project object */;
			proxyType = 1;
			remoteGlobalIDString = AAFF927A2CBAD55400C600DE;
			remoteInfo = FoodSaver;
		};
/* End PBXContainerItemProxy section */

/* Begin PBXFileReference section */
		AAFF927B2CBAD55400C600DE /* FoodSaver.app */ = {isa = PBXFileReference; explicitFileType = wrapper.application; includeInIndex = 0; path = FoodSaver.app; sourceTree = BUILT_PRODUCTS_DIR; };
		AAFF928B2CBAD55700C600DE /* FoodSaverTests.xctest */ = {isa = PBXFileReference; explicitFileType = wrapper.cfbundle; includeInIndex = 0; path = FoodSaverTests.xctest; sourceTree = BUILT_PRODUCTS_DIR; };
		AAFF92952CBAD55700C600DE /* FoodSaverUITests.xctest */ = {isa = PBXFileReference; explicitFileType = wrapper.cfbundle; includeInIndex = 0; path = FoodSaverUITests.xctest; sourceTree = BUILT_PRODUCTS_DIR; };
/* End PBXFileReference section */

/* Begin PBXFileSystemSynchronizedRootGroup section */
		AAFF927D2CBAD55400C600DE /* FoodSaver */ = {
			isa = PBXFileSystemSynchronizedRootGroup;
			path = FoodSaver;
			sourceTree = "<group>";
		};
		AAFF928E2CBAD55700C600DE /* FoodSaverTests */ = {
			isa = PBXFileSystemSynchronizedRootGroup;
			path = FoodSaverTests;
			sourceTree = "<group>";
		};
		AAFF92982CBAD55700C600DE /* FoodSaverUITests */ = {
			isa = PBXFileSystemSynchronizedRootGroup;
			path = FoodSaverUITests;
			sourceTree = "<group>";
		};
/* End PBXFileSystemSynchronizedRootGroup section */

/* Begin PBXFrameworksBuildPhase section */
		AAFF92782CBAD55400C600DE /* Frameworks */ = {
			isa = PBXFrameworksBuildPhase;
			buildActionMask = 2147483647;
			files = (
			);
			runOnlyForDeploymentPostprocessing = 0;
		};
		AAFF92882CBAD55700C600DE /* Frameworks */ = {
			isa = PBXFrameworksBuildPhase;
			buildActionMask = 2147483647;
			files = (
			);
			runOnlyForDeploymentPostprocessing = 0;
		};
		AAFF92922CBAD55700C600DE /* Frameworks */ = {
			isa = PBXFrameworksBuildPhase;
			buildActionMask = 2147483647;
			files = (
			);
			runOnlyForDeploymentPostprocessing = 0;
		};
/* End PBXFrameworksBuildPhase section */

/* Begin PBXGroup section */
		AAFF92722CBAD55400C600DE = {
			isa = PBXGroup;
			children = (
				AAFF927D2CBAD55400C600DE /* FoodSaver */,
				AAFF928E2CBAD55700C600DE /* FoodSaverTests */,
				AAFF92982CBAD55700C600DE /* FoodSaverUITests */,
				AAFF927C2CBAD55400C600DE /* Products */,
			);
			sourceTree = "<group>";
		};
		AAFF927C2CBAD55400C600DE /* Products */ = {
			isa = PBXGroup;
			children = (
				AAFF927B2CBAD55400C600DE /* FoodSaver.app */,
				AAFF928B2CBAD55700C600DE /* FoodSaverTests.xctest */,
				AAFF92952CBAD55700C600DE /* FoodSaverUITests.xctest */,
			);
			name = Products;
			sourceTree = "<group>";
		};
/* End PBXGroup section */

/* Begin PBXNativeTarget section */
		AAFF927A2CBAD55400C600DE /* FoodSaver */ = {
			isa = PBXNativeTarget;
			buildConfigurationList = AAFF929F2CBAD55700C600DE /* Build configuration list for PBXNativeTarget "FoodSaver" */;
			buildPhases = (
				AAFF92772CBAD55400C600DE /* Sources */,
				AAFF92782CBAD55400C600DE /* Frameworks */,
				AAFF92792CBAD55400C600DE /* Resources */,
			);
			buildRules = (
			);
			dependencies = (
			);
			fileSystemSynchronizedGroups = (
				AAFF927D2CBAD55400C600DE /* FoodSaver */,
			);
			name = FoodSaver;
			packageProductDependencies = (
			);
			productName = FoodSaver;
			productReference = AAFF927B2CBAD55400C600DE /* FoodSaver.app */;
			productType = "com.apple.product-type.application";
		};
		AAFF928A2CBAD55700C600DE /* FoodSaverTests */ = {
			isa = PBXNativeTarget;
			buildConfigurationList = AAFF92A22CBAD55700C600DE /* Build configuration list for PBXNativeTarget "FoodSaverTests" */;
			buildPhases = (
				AAFF92872CBAD55700C600DE /* Sources */,
				AAFF92882CBAD55700C600DE /* Frameworks */,
				AAFF92892CBAD55700C600DE /* Resources */,
			);
			buildRules = (
			);
			dependencies = (
				AAFF928D2CBAD55700C600DE /* PBXTargetDependency */,
			);
			fileSystemSynchronizedGroups = (
				AAFF928E2CBAD55700C600DE /* FoodSaverTests */,
			);
			name = FoodSaverTests;
			packageProductDependencies = (
			);
			productName = FoodSaverTests;
			productReference = AAFF928B2CBAD55700C600DE /* FoodSaverTests.xctest */;
			productType = "com.apple.product-type.bundle.unit-test";
		};
		AAFF92942CBAD55700C600DE /* FoodSaverUITests */ = {
			isa = PBXNativeTarget;
			buildConfigurationList = AAFF92A52CBAD55700C600DE /* Build configuration list for PBXNativeTarget "FoodSaverUITests" */;
			buildPhases = (
				AAFF92912CBAD55700C600DE /* Sources */,
				AAFF92922CBAD55700C600DE /* Frameworks */,
				AAFF92932CBAD55700C600DE /* Resources */,
			);
			buildRules = (
			);
			dependencies = (
				AAFF92972CBAD55700C600DE /* PBXTargetDependency */,
			);
			fileSystemSynchronizedGroups = (
				AAFF92982CBAD55700C600DE /* FoodSaverUITests */,
			);
			name = FoodSaverUITests;
			packageProductDependencies = (
			);
			productName = FoodSaverUITests;
			productReference = AAFF92952CBAD55700C600DE /* FoodSaverUITests.xctest */;
			productType = "com.apple.product-type.bundle.ui-testing";
		};
/* End PBXNativeTarget section */

/* Begin PBXProject section */
		AAFF92732CBAD55400C600DE /* Project object */ = {
			isa = PBXProject;
			attributes = {
				BuildIndependentTargetsInParallel = 1;
				LastSwiftUpdateCheck = 1600;
				LastUpgradeCheck = 1600;
				TargetAttributes = {
					AAFF927A2CBAD55400C600DE = {
						CreatedOnToolsVersion = 16.0;
					};
					AAFF928A2CBAD55700C600DE = {
						CreatedOnToolsVersion = 16.0;
						TestTargetID = AAFF927A2CBAD55400C600DE;
					};
					AAFF92942CBAD55700C600DE = {
						CreatedOnToolsVersion = 16.0;
						TestTargetID = AAFF927A2CBAD55400C600DE;
					};
				};
			};
			buildConfigurationList = AAFF92762CBAD55400C600DE /* Build configuration list for PBXProject "FoodSaver" */;
			developmentRegion = en;
			hasScannedForEncodings = 0;
			knownRegions = (
				en,
				Base,
			);
			mainGroup = AAFF92722CBAD55400C600DE;
			minimizedProjectReferenceProxies = 1;
			preferredProjectObjectVersion = 77;
			productRefGroup = AAFF927C2CBAD55400C600DE /* Products */;
			projectDirPath = "";
			projectRoot = "";
			targets = (
				AAFF927A2CBAD55400C600DE /* FoodSaver */,
				AAFF928A2CBAD55700C600DE /* FoodSaverTests */,
				AAFF92942CBAD55700C600DE /* FoodSaverUITests */,
			);
		};
/* End PBXProject section */

/* Begin PBXResourcesBuildPhase section */
		AAFF92792CBAD55400C600DE /* Resources */ = {
			isa = PBXResourcesBuildPhase;
			buildActionMask = 2147483647;
			files = (
			);
			runOnlyForDeploymentPostprocessing = 0;
		};
		AAFF92892CBAD55700C600DE /* Resources */ = {
			isa = PBXResourcesBuildPhase;
			buildActionMask = 2147483647;
			files = (
			);
			runOnlyForDeploymentPostprocessing = 0;
		};
		AAFF92932CBAD55700C600DE /* Resources */ = {
			isa = PBXResourcesBuildPhase;
			buildActionMask = 2147483647;
			files = (
			);
			runOnlyForDeploymentPostprocessing = 0;
		};
/* End PBXResourcesBuildPhase section */

/* Begin PBXSourcesBuildPhase section */
		AAFF92772CBAD55400C600DE /* Sources */ = {
			isa = PBXSourcesBuildPhase;
			buildActionMask = 2147483647;
			files = (
			);
			runOnlyForDeploymentPostprocessing = 0;
		};
		AAFF92872CBAD55700C600DE /* Sources */ = {
			isa = PBXSourcesBuildPhase;
			buildActionMask = 2147483647;
			files = (
			);
			runOnlyForDeploymentPostprocessing = 0;
		};
		AAFF92912CBAD55700C600DE /* Sources */ = {
			isa = PBXSourcesBuildPhase;
			buildActionMask = 2147483647;
			files = (
			);
			runOnlyForDeploymentPostprocessing = 0;
		};
/* End PBXSourcesBuildPhase section */

/* Begin PBXTargetDependency section */
		AAFF928D2CBAD55700C600DE /* PBXTargetDependency */ = {
			isa = PBXTargetDependency;
			target = AAFF927A2CBAD55400C600DE /* FoodSaver */;
			targetProxy = AAFF928C2CBAD55700C600DE /* PBXContainerItemProxy */;
		};
		AAFF92972CBAD55700C600DE /* PBXTargetDependency */ = {
			isa = PBXTargetDependency;
			target = AAFF927A2CBAD55400C600DE /* FoodSaver */;
			targetProxy = AAFF92962CBAD55700C600DE /* PBXContainerItemProxy */;
		};
/* End PBXTargetDependency section */

/* Begin XCBuildConfiguration section */
		AAFF929D2CBAD55700C600DE /* Debug */ = {
			isa = XCBuildConfiguration;
			buildSettings = {
				ALWAYS_SEARCH_USER_PATHS = NO;
				ASSETCATALOG_COMPILER_GENERATE_SWIFT_ASSET_SYMBOL_EXTENSIONS = YES;
				CLANG_ANALYZER_NONNULL = YES;
				CLANG_ANALYZER_NUMBER_OBJECT_CONVERSION = YES_AGGRESSIVE;
				CLANG_CXX_LANGUAGE_STANDARD = "gnu++20";
				CLANG_ENABLE_MODULES = YES;
				CLANG_ENABLE_OBJC_ARC = YES;
				CLANG_ENABLE_OBJC_WEAK = YES;
				CLANG_WARN_BLOCK_CAPTURE_AUTORELEASING = YES;
				CLANG_WARN_BOOL_CONVERSION = YES;
				CLANG_WARN_COMMA = YES;
				CLANG_WARN_CONSTANT_CONVERSION = YES;
				CLANG_WARN_DEPRECATED_OBJC_IMPLEMENTATIONS = YES;
				CLANG_WARN_DIRECT_OBJC_ISA_USAGE = YES_ERROR;
				CLANG_WARN_DOCUMENTATION_COMMENTS = YES;
				CLANG_WARN_EMPTY_BODY = YES;
				CLANG_WARN_ENUM_CONVERSION = YES;
				CLANG_WARN_INFINITE_RECURSION = YES;
				CLANG_WARN_INT_CONVERSION = YES;
				CLANG_WARN_NON_LITERAL_NULL_CONVERSION = YES;
				CLANG_WARN_OBJC_IMPLICIT_RETAIN_SELF = YES;
				CLANG_WARN_OBJC_LITERAL_CONVERSION = YES;
				CLANG_WARN_OBJC_ROOT_CLASS = YES_ERROR;
				CLANG_WARN_QUOTED_INCLUDE_IN_FRAMEWORK_HEADER = YES;
				CLANG_WARN_RANGE_LOOP_ANALYSIS = YES;
				CLANG_WARN_STRICT_PROTOTYPES = YES;
				CLANG_WARN_SUSPICIOUS_MOVE = YES;
				CLANG_WARN_UNGUARDED_AVAILABILITY = YES_AGGRESSIVE;
				CLANG_WARN_UNREACHABLE_CODE = YES;
				CLANG_WARN__DUPLICATE_METHOD_MATCH = YES;
				COPY_PHASE_STRIP = NO;
				DEBUG_INFORMATION_FORMAT = dwarf;
				ENABLE_STRICT_OBJC_MSGSEND = YES;
				ENABLE_TESTABILITY = YES;
				ENABLE_USER_SCRIPT_SANDBOXING = YES;
				GCC_C_LANGUAGE_STANDARD = gnu17;
				GCC_DYNAMIC_NO_PIC = NO;
				GCC_NO_COMMON_BLOCKS = YES;
				GCC_OPTIMIZATION_LEVEL = 0;
				GCC_PREPROCESSOR_DEFINITIONS = (
					"DEBUG=1",
					"$(inherited)",
				);
				GCC_WARN_64_TO_32_BIT_CONVERSION = YES;
				GCC_WARN_ABOUT_RETURN_TYPE = YES_ERROR;
				GCC_WARN_UNDECLARED_SELECTOR = YES;
				GCC_WARN_UNINITIALIZED_AUTOS = YES_AGGRESSIVE;
				GCC_WARN_UNUSED_FUNCTION = YES;
				GCC_WARN_UNUSED_VARIABLE = YES;
				IPHONEOS_DEPLOYMENT_TARGET = 18.0;
				LOCALIZATION_PREFERS_STRING_CATALOGS = YES;
				MTL_ENABLE_DEBUG_INFO = INCLUDE_SOURCE;
				MTL_FAST_MATH = YES;
				ONLY_ACTIVE_ARCH = YES;
				SDKROOT = iphoneos;
				SWIFT_ACTIVE_COMPILATION_CONDITIONS = "DEBUG $(inherited)";
				SWIFT_OPTIMIZATION_LEVEL = "-Onone";
			};
			name = Debug;
		};
		AAFF929E2CBAD55700C600DE /* Release */ = {
			isa = XCBuildConfiguration;
			buildSettings = {
				ALWAYS_SEARCH_USER_PATHS = NO;
				ASSETCATALOG_COMPILER_GENERATE_SWIFT_ASSET_SYMBOL_EXTENSIONS = YES;
				CLANG_ANALYZER_NONNULL = YES;
				CLANG_ANALYZER_NUMBER_OBJECT_CONVERSION = YES_AGGRESSIVE;
				CLANG_CXX_LANGUAGE_STANDARD = "gnu++20";
				CLANG_ENABLE_MODULES = YES;
				CLANG_ENABLE_OBJC_ARC = YES;
				CLANG_ENABLE_OBJC_WEAK = YES;
				CLANG_WARN_BLOCK_CAPTURE_AUTORELEASING = YES;
				CLANG_WARN_BOOL_CONVERSION = YES;
				CLANG_WARN_COMMA = YES;
				CLANG_WARN_CONSTANT_CONVERSION = YES;
				CLANG_WARN_DEPRECATED_OBJC_IMPLEMENTATIONS = YES;
				CLANG_WARN_DIRECT_OBJC_ISA_USAGE = YES_ERROR;
				CLANG_WARN_DOCUMENTATION_COMMENTS = YES;
				CLANG_WARN_EMPTY_BODY = YES;
				CLANG_WARN_ENUM_CONVERSION = YES;
				CLANG_WARN_INFINITE_RECURSION = YES;
				CLANG_WARN_INT_CONVERSION = YES;
				CLANG_WARN_NON_LITERAL_NULL_CONVERSION = YES;
				CLANG_WARN_OBJC_IMPLICIT_RETAIN_SELF = YES;
				CLANG_WARN_OBJC_LITERAL_CONVERSION = YES;
				CLANG_WARN_OBJC_ROOT_CLASS = YES_ERROR;
				CLANG_WARN_QUOTED_INCLUDE_IN_FRAMEWORK_HEADER = YES;
				CLANG_WARN_RANGE_LOOP_ANALYSIS = YES;
				CLANG_WARN_STRICT_PROTOTYPES = YES;
				CLANG_WARN_SUSPICIOUS_MOVE = YES;
				CLANG_WARN_UNGUARDED_AVAILABILITY = YES_AGGRESSIVE;
				CLANG_WARN_UNREACHABLE_CODE = YES;
				CLANG_WARN__DUPLICATE_METHOD_MATCH = YES;
				COPY_PHASE_STRIP = NO;
				DEBUG_INFORMATION_FORMAT = "dwarf-with-dsym";
				ENABLE_NS_ASSERTIONS = NO;
				ENABLE_STRICT_OBJC_MSGSEND = YES;
				ENABLE_USER_SCRIPT_SANDBOXING = YES;
				GCC_C_LANGUAGE_STANDARD = gnu17;
				GCC_NO_COMMON_BLOCKS = YES;
				GCC_WARN_64_TO_32_BIT_CONVERSION = YES;
				GCC_WARN_ABOUT_RETURN_TYPE = YES_ERROR;
				GCC_WARN_UNDECLARED_SELECTOR = YES;
				GCC_WARN_UNINITIALIZED_AUTOS = YES_AGGRESSIVE;
				GCC_WARN_UNUSED_FUNCTION = YES;
				GCC_WARN_UNUSED_VARIABLE = YES;
				IPHONEOS_DEPLOYMENT_TARGET = 18.0;
				LOCALIZATION_PREFERS_STRING_CATALOGS = YES;
				MTL_ENABLE_DEBUG_INFO = NO;
				MTL_FAST_MATH = YES;
				SDKROOT = iphoneos;
				SWIFT_COMPILATION_MODE = wholemodule;
				VALIDATE_PRODUCT = YES;
			};
			name = Release;
		};
		AAFF92A02CBAD55700C600DE /* Debug */ = {
			isa = XCBuildConfiguration;
			buildSettings = {
				ASSETCATALOG_COMPILER_APPICON_NAME = AppIcon;
				ASSETCATALOG_COMPILER_GLOBAL_ACCENT_COLOR_NAME = AccentColor;
				CODE_SIGN_STYLE = Automatic;
				CURRENT_PROJECT_VERSION = 1;
				DEVELOPMENT_ASSET_PATHS = "\"FoodSaver/Preview Content\"";
				ENABLE_PREVIEWS = YES;
				GENERATE_INFOPLIST_FILE = YES;
				INFOPLIST_KEY_UIApplicationSceneManifest_Generation = YES;
				INFOPLIST_KEY_UIApplicationSupportsIndirectInputEvents = YES;
				INFOPLIST_KEY_UILaunchScreen_Generation = YES;
				INFOPLIST_KEY_UISupportedInterfaceOrientations_iPad = "UIInterfaceOrientationPortrait UIInterfaceOrientationPortraitUpsideDown UIInterfaceOrientationLandscapeLeft UIInterfaceOrientationLandscapeRight";
				INFOPLIST_KEY_UISupportedInterfaceOrientations_iPhone = "UIInterfaceOrientationPortrait UIInterfaceOrientationLandscapeLeft UIInterfaceOrientationLandscapeRight";
				LD_RUNPATH_SEARCH_PATHS = (
					"$(inherited)",
					"@executable_path/Frameworks",
				);
				MARKETING_VERSION = 1.0;
				PRODUCT_BUNDLE_IDENTIFIER = io.kubranur.FoodSaver;
				PRODUCT_NAME = "$(TARGET_NAME)";
				SWIFT_EMIT_LOC_STRINGS = YES;
				SWIFT_VERSION = 5.0;
				TARGETED_DEVICE_FAMILY = "1,2";
			};
			name = Debug;
		};
		AAFF92A12CBAD55700C600DE /* Release */ = {
			isa = XCBuildConfiguration;
			buildSettings = {
				ASSETCATALOG_COMPILER_APPICON_NAME = AppIcon;
				ASSETCATALOG_COMPILER_GLOBAL_ACCENT_COLOR_NAME = AccentColor;
				CODE_SIGN_STYLE = Automatic;
				CURRENT_PROJECT_VERSION = 1;
				DEVELOPMENT_ASSET_PATHS = "\"FoodSaver/Preview Content\"";
				ENABLE_PREVIEWS = YES;
				GENERATE_INFOPLIST_FILE = YES;
				INFOPLIST_KEY_UIApplicationSceneManifest_Generation = YES;
				INFOPLIST_KEY_UIApplicationSupportsIndirectInputEvents = YES;
				INFOPLIST_KEY_UILaunchScreen_Generation = YES;
				INFOPLIST_KEY_UISupportedInterfaceOrientations_iPad = "UIInterfaceOrientationPortrait UIInterfaceOrientationPortraitUpsideDown UIInterfaceOrientationLandscapeLeft UIInterfaceOrientationLandscapeRight";
				INFOPLIST_KEY_UISupportedInterfaceOrientations_iPhone = "UIInterfaceOrientationPortrait UIInterfaceOrientationLandscapeLeft UIInterfaceOrientationLandscapeRight";
				LD_RUNPATH_SEARCH_PATHS = (
					"$(inherited)",
					"@executable_path/Frameworks",
				);
				MARKETING_VERSION = 1.0;
				PRODUCT_BUNDLE_IDENTIFIER = io.kubranur.FoodSaver;
				PRODUCT_NAME = "$(TARGET_NAME)";
				SWIFT_EMIT_LOC_STRINGS = YES;
				SWIFT_VERSION = 5.0;
				TARGETED_DEVICE_FAMILY = "1,2";
			};
			name = Release;
		};
		AAFF92A32CBAD55700C600DE /* Debug */ = {
			isa = XCBuildConfiguration;
			buildSettings = {
				BUNDLE_LOADER = "$(TEST_HOST)";
				CODE_SIGN_STYLE = Automatic;
				CURRENT_PROJECT_VERSION = 1;
				GENERATE_INFOPLIST_FILE = YES;
				IPHONEOS_DEPLOYMENT_TARGET = 18.0;
				MARKETING_VERSION = 1.0;
				PRODUCT_BUNDLE_IDENTIFIER = io.kubranur.FoodSaverTests;
				PRODUCT_NAME = "$(TARGET_NAME)";
				SWIFT_EMIT_LOC_STRINGS = NO;
				SWIFT_VERSION = 5.0;
				TARGETED_DEVICE_FAMILY = "1,2";
				TEST_HOST = "$(BUILT_PRODUCTS_DIR)/FoodSaver.app/$(BUNDLE_EXECUTABLE_FOLDER_PATH)/FoodSaver";
			};
			name = Debug;
		};
		AAFF92A42CBAD55700C600DE /* Release */ = {
			isa = XCBuildConfiguration;
			buildSettings = {
				BUNDLE_LOADER = "$(TEST_HOST)";
				CODE_SIGN_STYLE = Automatic;
				CURRENT_PROJECT_VERSION = 1;
				GENERATE_INFOPLIST_FILE = YES;
				IPHONEOS_DEPLOYMENT_TARGET = 18.0;
				MARKETING_VERSION = 1.0;
				PRODUCT_BUNDLE_IDENTIFIER = io.kubranur.FoodSaverTests;
				PRODUCT_NAME = "$(TARGET_NAME)";
				SWIFT_EMIT_LOC_STRINGS = NO;
				SWIFT_VERSION = 5.0;
				TARGETED_DEVICE_FAMILY = "1,2";
				TEST_HOST = "$(BUILT_PRODUCTS_DIR)/FoodSaver.app/$(BUNDLE_EXECUTABLE_FOLDER_PATH)/FoodSaver";
			};
			name = Release;
		};
		AAFF92A62CBAD55700C600DE /* Debug */ = {
			isa = XCBuildConfiguration;
			buildSettings = {
				CODE_SIGN_STYLE = Automatic;
				CURRENT_PROJECT_VERSION = 1;
				GENERATE_INFOPLIST_FILE = YES;
				MARKETING_VERSION = 1.0;
				PRODUCT_BUNDLE_IDENTIFIER = io.kubranur.FoodSaverUITests;
				PRODUCT_NAME = "$(TARGET_NAME)";
				SWIFT_EMIT_LOC_STRINGS = NO;
				SWIFT_VERSION = 5.0;
				TARGETED_DEVICE_FAMILY = "1,2";
				TEST_TARGET_NAME = FoodSaver;
			};
			name = Debug;
		};
		AAFF92A72CBAD55700C600DE /* Release */ = {
			isa = XCBuildConfiguration;
			buildSettings = {
				CODE_SIGN_STYLE = Automatic;
				CURRENT_PROJECT_VERSION = 1;
				GENERATE_INFOPLIST_FILE = YES;
				MARKETING_VERSION = 1.0;
				PRODUCT_BUNDLE_IDENTIFIER = io.kubranur.FoodSaverUITests;
				PRODUCT_NAME = "$(TARGET_NAME)";
				SWIFT_EMIT_LOC_STRINGS = NO;
				SWIFT_VERSION = 5.0;
				TARGETED_DEVICE_FAMILY = "1,2";
				TEST_TARGET_NAME = FoodSaver;
			};
			name = Release;
		};
/* End XCBuildConfiguration section */

/* Begin XCConfigurationList section */
		AAFF92762CBAD55400C600DE /* Build configuration list for PBXProject "FoodSaver" */ = {
			isa = XCConfigurationList;
			buildConfigurations = (
				AAFF929D2CBAD55700C600DE /* Debug */,
				AAFF929E2CBAD55700C600DE /* Release */,
			);
			defaultConfigurationIsVisible = 0;
			defaultConfigurationName = Release;
		};
		AAFF929F2CBAD55700C600DE /* Build configuration list for PBXNativeTarget "FoodSaver" */ = {
			isa = XCConfigurationList;
			buildConfigurations = (
				AAFF92A02CBAD55700C600DE /* Debug */,
				AAFF92A12CBAD55700C600DE /* Release */,
			);
			defaultConfigurationIsVisible = 0;
			defaultConfigurationName = Release;
		};
		AAFF92A22CBAD55700C600DE /* Build configuration list for PBXNativeTarget "FoodSaverTests" */ = {
			isa = XCConfigurationList;
			buildConfigurations = (
				AAFF92A32CBAD55700C600DE /* Debug */,
				AAFF92A42CBAD55700C600DE /* Release */,
			);
			defaultConfigurationIsVisible = 0;
			defaultConfigurationName = Release;
		};
		AAFF92A52CBAD55700C600DE /* Build configuration list for PBXNativeTarget "FoodSaverUITests" */ = {
			isa = XCConfigurationList;
			buildConfigurations = (
				AAFF92A62CBAD55700C600DE /* Debug */,
				AAFF92A72CBAD55700C600DE /* Release */,
			);
			defaultConfigurationIsVisible = 0;
			defaultConfigurationName = Release;
		};
/* End XCConfigurationList section */
	};
	rootObject = AAFF92732CBAD55400C600DE /* Project object */;
}
